
Microsoft Visual Studio Solution File, Format Version 12.00
# Visual Studio Version 17
VisualStudioVersion = 17.4.33020.496
MinimumVisualStudioVersion = 10.0.40219.1
Project("{9A19103F-16F7-4668-BE54-9A1E7A4F7556}") = "RwsConsoleApp", "RwsConsoleApp\RwsConsoleApp.csproj", "{743DEA1A-7347-44F1-9491-C1874083C51C}"
EndProject
Project("{2150E333-8FDC-42A3-9474-1A3956D46DE8}") = "SolutionItems", "SolutionItems", "{1CFF1CAB-7F53-4291-B310-B86CA595E022}"
	ProjectSection(SolutionItems) = preProject
		..\SolutionItems\Backend-Homework.pdf = ..\SolutionItems\Backend-Homework.pdf
		..\SolutionItems\Interviewing with RWS Group.pdf = ..\SolutionItems\Interviewing with RWS Group.pdf
	EndProjectSection
EndProject
Project("{2150E333-8FDC-42A3-9474-1A3956D46DE8}") = "SourceCode", "SourceCode", "{2DF657C4-3FA7-4556-9CDA-0A943ED03311}"
EndProject
Project("{2150E333-8FDC-42A3-9474-1A3956D46DE8}") = "Backend-Homework-Example", "Backend-Homework-Example", "{4269AE64-4F01-43C3-BEE0-FD18E935F403}"
EndProject
Project("{2150E333-8FDC-42A3-9474-1A3956D46DE8}") = "Test", "Test", "{0A8A1F87-74DA-44CE-9F43-FD64AB298BB1}"
EndProject
Project("{9A19103F-16F7-4668-BE54-9A1E7A4F7556}") = "Docs.App", "Docs.App\Docs.App.csproj", "{3BAEF034-5FD2-4315-A938-211B1892861E}"
EndProject
Project("{9A19103F-16F7-4668-BE54-9A1E7A4F7556}") = "Docs.Application", "Docs.Application\Docs.Application.csproj", "{FB31FB7F-B0B8-4B0D-A284-03CF41544171}"
EndProject
Project("{9A19103F-16F7-4668-BE54-9A1E7A4F7556}") = "Docs.Domain", "Docs.Domain\Docs.Domain.csproj", "{95ABB1EA-F53F-4852-A59D-9C12107A105C}"
EndProject
Project("{9A19103F-16F7-4668-BE54-9A1E7A4F7556}") = "Docs.Presentation", "Docs.Presentation\Docs.Presentation.csproj", "{FCF5F6F4-7A0C-45A5-B2B3-6BABAB494C8C}"
EndProject
Project("{FAE04EC0-301F-11D3-BF4B-00C04F79EFBC}") = "Docs.Infrastructure", "Docs.Infrastructure\Docs.Infrastructure.csproj", "{83CCD5D4-8D8E-4DC2-8DCF-AFE66B9F971C}"
EndProject
Project("{FAE04EC0-301F-11D3-BF4B-00C04F79EFBC}") = "Docs.ApplicationTests", "Docs.ApplicationTests\Docs.ApplicationTests.csproj", "{EB780589-88EF-41BD-AF0A-6EE86C0405CC}"
EndProject
Project("{2150E333-8FDC-42A3-9474-1A3956D46DE8}") = "Core", "Core", "{C5864CC9-A198-4E9A-838E-6B0924CDF554}"
EndProject
Project("{2150E333-8FDC-42A3-9474-1A3956D46DE8}") = "External", "External", "{046F25DB-0439-417A-9A90-348EF7636DBC}"
EndProject
Project("{FAE04EC0-301F-11D3-BF4B-00C04F79EFBC}") = "Docs.Architecture.Tests", "Docs.Architecture.Tests\Docs.Architecture.Tests.csproj", "{544B2B7F-B1A6-443A-99C5-FC5AFB9E3002}"
EndProject
Project("{FAE04EC0-301F-11D3-BF4B-00C04F79EFBC}") = "Docs.DomainTests", "Docs.DomainTests\Docs.DomainTests.csproj", "{B3AB059E-AD7E-4437-857F-E2CEE6DA06C0}"
EndProject
Global
	GlobalSection(SolutionConfigurationPlatforms) = preSolution
		Debug|Any CPU = Debug|Any CPU
		Release|Any CPU = Release|Any CPU
	EndGlobalSection
	GlobalSection(ProjectConfigurationPlatforms) = postSolution
		{743DEA1A-7347-44F1-9491-C1874083C51C}.Debug|Any CPU.ActiveCfg = Debug|Any CPU
		{743DEA1A-7347-44F1-9491-C1874083C51C}.Debug|Any CPU.Build.0 = Debug|Any CPU
		{743DEA1A-7347-44F1-9491-C1874083C51C}.Release|Any CPU.ActiveCfg = Release|Any CPU
		{743DEA1A-7347-44F1-9491-C1874083C51C}.Release|Any CPU.Build.0 = Release|Any CPU
		{3BAEF034-5FD2-4315-A938-211B1892861E}.Debug|Any CPU.ActiveCfg = Debug|Any CPU
		{3BAEF034-5FD2-4315-A938-211B1892861E}.Debug|Any CPU.Build.0 = Debug|Any CPU
		{3BAEF034-5FD2-4315-A938-211B1892861E}.Release|Any CPU.ActiveCfg = Release|Any CPU
		{3BAEF034-5FD2-4315-A938-211B1892861E}.Release|Any CPU.Build.0 = Release|Any CPU
		{FB31FB7F-B0B8-4B0D-A284-03CF41544171}.Debug|Any CPU.ActiveCfg = Debug|Any CPU
		{FB31FB7F-B0B8-4B0D-A284-03CF41544171}.Debug|Any CPU.Build.0 = Debug|Any CPU
		{FB31FB7F-B0B8-4B0D-A284-03CF41544171}.Release|Any CPU.ActiveCfg = Release|Any CPU
		{FB31FB7F-B0B8-4B0D-A284-03CF41544171}.Release|Any CPU.Build.0 = Release|Any CPU
		{95ABB1EA-F53F-4852-A59D-9C12107A105C}.Debug|Any CPU.ActiveCfg = Debug|Any CPU
		{95ABB1EA-F53F-4852-A59D-9C12107A105C}.Debug|Any CPU.Build.0 = Debug|Any CPU
		{95ABB1EA-F53F-4852-A59D-9C12107A105C}.Release|Any CPU.ActiveCfg = Release|Any CPU
		{95ABB1EA-F53F-4852-A59D-9C12107A105C}.Release|Any CPU.Build.0 = Release|Any CPU
		{FCF5F6F4-7A0C-45A5-B2B3-6BABAB494C8C}.Debug|Any CPU.ActiveCfg = Debug|Any CPU
		{FCF5F6F4-7A0C-45A5-B2B3-6BABAB494C8C}.Debug|Any CPU.Build.0 = Debug|Any CPU
		{FCF5F6F4-7A0C-45A5-B2B3-6BABAB494C8C}.Release|Any CPU.ActiveCfg = Release|Any CPU
		{FCF5F6F4-7A0C-45A5-B2B3-6BABAB494C8C}.Release|Any CPU.Build.0 = Release|Any CPU
		{83CCD5D4-8D8E-4DC2-8DCF-AFE66B9F971C}.Debug|Any CPU.ActiveCfg = Debug|Any CPU
		{83CCD5D4-8D8E-4DC2-8DCF-AFE66B9F971C}.Debug|Any CPU.Build.0 = Debug|Any CPU
		{83CCD5D4-8D8E-4DC2-8DCF-AFE66B9F971C}.Release|Any CPU.ActiveCfg = Release|Any CPU
		{83CCD5D4-8D8E-4DC2-8DCF-AFE66B9F971C}.Release|Any CPU.Build.0 = Release|Any CPU
		{EB780589-88EF-41BD-AF0A-6EE86C0405CC}.Debug|Any CPU.ActiveCfg = Debug|Any CPU
		{EB780589-88EF-41BD-AF0A-6EE86C0405CC}.Debug|Any CPU.Build.0 = Debug|Any CPU
		{EB780589-88EF-41BD-AF0A-6EE86C0405CC}.Release|Any CPU.ActiveCfg = Release|Any CPU
		{EB780589-88EF-41BD-AF0A-6EE86C0405CC}.Release|Any CPU.Build.0 = Release|Any CPU
		{544B2B7F-B1A6-443A-99C5-FC5AFB9E3002}.Debug|Any CPU.ActiveCfg = Debug|Any CPU
		{544B2B7F-B1A6-443A-99C5-FC5AFB9E3002}.Debug|Any CPU.Build.0 = Debug|Any CPU
		{544B2B7F-B1A6-443A-99C5-FC5AFB9E3002}.Release|Any CPU.ActiveCfg = Release|Any CPU
		{544B2B7F-B1A6-443A-99C5-FC5AFB9E3002}.Release|Any CPU.Build.0 = Release|Any CPU
		{B3AB059E-AD7E-4437-857F-E2CEE6DA06C0}.Debug|Any CPU.ActiveCfg = Debug|Any CPU
		{B3AB059E-AD7E-4437-857F-E2CEE6DA06C0}.Debug|Any CPU.Build.0 = Debug|Any CPU
		{B3AB059E-AD7E-4437-857F-E2CEE6DA06C0}.Release|Any CPU.ActiveCfg = Release|Any CPU
		{B3AB059E-AD7E-4437-857F-E2CEE6DA06C0}.Release|Any CPU.Build.0 = Release|Any CPU
	EndGlobalSection
	GlobalSection(SolutionProperties) = preSolution
		HideSolutionNode = FALSE
	EndGlobalSection
	GlobalSection(NestedProjects) = preSolution
		{743DEA1A-7347-44F1-9491-C1874083C51C} = {4269AE64-4F01-43C3-BEE0-FD18E935F403}
		{4269AE64-4F01-43C3-BEE0-FD18E935F403} = {2DF657C4-3FA7-4556-9CDA-0A943ED03311}
		{3BAEF034-5FD2-4315-A938-211B1892861E} = {2DF657C4-3FA7-4556-9CDA-0A943ED03311}
		{FB31FB7F-B0B8-4B0D-A284-03CF41544171} = {C5864CC9-A198-4E9A-838E-6B0924CDF554}
		{95ABB1EA-F53F-4852-A59D-9C12107A105C} = {C5864CC9-A198-4E9A-838E-6B0924CDF554}
		{FCF5F6F4-7A0C-45A5-B2B3-6BABAB494C8C} = {046F25DB-0439-417A-9A90-348EF7636DBC}
		{83CCD5D4-8D8E-4DC2-8DCF-AFE66B9F971C} = {046F25DB-0439-417A-9A90-348EF7636DBC}
		{EB780589-88EF-41BD-AF0A-6EE86C0405CC} = {0A8A1F87-74DA-44CE-9F43-FD64AB298BB1}
		{C5864CC9-A198-4E9A-838E-6B0924CDF554} = {2DF657C4-3FA7-4556-9CDA-0A943ED03311}
		{046F25DB-0439-417A-9A90-348EF7636DBC} = {2DF657C4-3FA7-4556-9CDA-0A943ED03311}
		{544B2B7F-B1A6-443A-99C5-FC5AFB9E3002} = {0A8A1F87-74DA-44CE-9F43-FD64AB298BB1}
		{B3AB059E-AD7E-4437-857F-E2CEE6DA06C0} = {0A8A1F87-74DA-44CE-9F43-FD64AB298BB1}
	EndGlobalSection
	GlobalSection(ExtensibilityGlobals) = postSolution
		SolutionGuid = {04EB5908-DA80-44EE-AFB3-A7669F6DA0C4}
	EndGlobalSection
EndGlobal
